github.com/BurntSushi/locker v0.0.0-20171006230638-a6e239ea1c69 h1:+tu3HOoMXB7RXEINRVIpxJCT+KdYiI7LAEAUrOw3dIU=
github.com/BurntSushi/locker v0.0.0-20171006230638-a6e239ea1c69/go.mod h1:L1AbZdiDllfyYH5l5OkAaZtk7VkWe89bPJFmnDBNHxg=
github.com/DATA-DOG/go-sqlmock v1.5.2 h1:OcvFkGmslmlZibjAjaHm3L//6LiuBgolP7OputlJIzU=
github.com/DATA-DOG/go-sqlmock v1.5.2/go.mod h1:88MAG/4G7SMwSE3CeA0ZKzrT5CiOU3OJ+JlNzwDqpNU=
github.com/Microsoft/go-winio v0.6.1 h1:9/kr64B9VUZrLm5YYwbGtUJnMgqWVOdUAXu6Migciow=
github.com/Microsoft/go-winio v0.6.1/go.mod h1:LRdKpFKfdobln8UmuiYcKPot9D2v6svN5+sAH+4kjUM=
github.com/UNO-SOFT/zlog v0.8.1 h1:TEFkGJHtUfTRgMkLZiAjLSHALjwSBdw6/zByMC5GJt4=
github.com/UNO-SOFT/zlog v0.8.1/go.mod h1:yqFOjn3OhvJ4j7ArJqQNA+9V+u6t9zSAyIZdWdMweWc=
github.com/VictoriaMetrics/easyproto v0.1.4 h1:r8cNvo8o6sR4QShBXQd1bKw/VVLSQma/V2KhTBPf+Sc=
github.com/VictoriaMetrics/easyproto v0.1.4/go.mod h1:QlGlzaJnDfFd8Lk6Ci/fuLxfTo3/GThPs2KH23mv710=
github.com/chromedp/cdproto v0.0.0-20241003230502-a4a8f7c660df h1:cbtSn19AtqQha1cxmP2Qvgd3fFMz51AeAEKLJMyEUhc=
github.com/chromedp/cdproto v0.0.0-20241003230502-a4a8f7c660df/go.mod h1:GKljq0VrfU4D5yc+2qA6OVr8pmO/MBbPEWqWQ/oqGEs=
github.com/chromedp/chromedp v0.11.0 h1:1PT6O4g39sBAFjlljIHTpxmCSk8meeYL6+R+oXH4bWA=
github.com/chromedp/chromedp v0.11.0/go.mod h1:jsD7OHrX0Qmskqb5Y4fn4jHnqquqW22rkMFgKbECsqg=
github.com/chromedp/sysutil v1.0.0 h1:+ZxhTpfpZlmchB58ih/LBHX52ky7w2VhQVKQMucy3Ic=
github.com/chromedp/sysutil v1.0.0/go.mod h1:kgWmDdq8fTzXYcKIBqIYvRRTnYb9aNS9moAV0xufSww=
github.com/davecgh/go-spew v1.1.1 h1:vj9j/u1bqnvCEfJOwUhtlOARqs3+rkHYY13jYWTU97c=
github.com/davecgh/go-spew v1.1.1/go.mod h1:J7Y8YcW2NihsgmVo/mv3lAwl/skON4iLHjSsI+c5H38=
github.com/dustin/gomemcached v0.0.0-20160817010731-a2284a01c143 h1:K9CFK8HRZWzmoIWbpA7u0XYLggCyfa/N77eVaq/nUiA=
github.com/dustin/gomemcached v0.0.0-20160817010731-a2284a01c143/go.mod h1:BLhrehfVmtABJWBZTJV8HyPWCSZoiMzjjcZ3+vHHhPI=
github.com/eclipse/paho.mqtt.golang v1.4.2 h1:66wOzfUHSSI1zamx7jR6yMEI5EuHnT1G6rNA5PM12m4=
github.com/eclipse/paho.mqtt.golang v1.4.2/go.mod h1:JGt0RsEwEX+Xa/agj90YJ9d9DH2b7upDZMK9HRbFvCA=
github.com/fsnotify/fsnotify v1.5.4 h1:jRbGcIw6P2Meqdwuo0H1p6JVLbL5DHKAKlYndzMwVZI=
github.com/fsnotify/fsnotify v1.5.4/go.mod h1:OVB6XrOHzAwXMpEM7uPOzcehqUV2UqJxmVXmkdnm1bU=
github.com/go-ldap/ldap v3.0.3+incompatible h1:HTeSZO8hWMS1Rgb2Ziku6b8a7qRIZZMHjsvuZyatzwk=
github.com/go-ldap/ldap v3.0.3+incompatible/go.mod h1:qfd9rJvER9Q0/D/Sqn1DfHRoBp40uXYvFoEVrNEPqRc=
github.com/go-logfmt/logfmt v0.6.0 h1:wGYYu3uicYdqXVgoYbvnkrPVXkuLM1p1ifugDMEdRi4=
github.com/go-logfmt/logfmt v0.6.0/go.mod h1:WYhtIu8zTZfxdn5+rREduYbwxfcBr/Vr6KEVveWlfTs=
github.com/go-logr/logr v1.2.4 h1:g01GSCwiDw2xSZfjJ2/T9M+S6pFdcNtFYsp+Y43HYDQ=
github.com/go-logr/logr v1.2.4/go.mod h1:jdQByPbusPIv2/zmleS9BjJVeZ6kBagPoEUsqbVz/1A=
github.com/go-ole/go-ole v1.3.0 h1:Dt6ye7+vXGIKZ7Xtk4s6/xVdGDQynvom7xCFEdWr6uE=
github.com/go-ole/go-ole v1.3.0/go.mod h1:5LS6F96DhAwUc7C+1HLexzMXY1xGRSryjyPPKW6zv78=
github.com/go-sql-driver/mysql v1.7.1 h1:lUIinVbN1DY0xBg0eMOzmmtGoHwWBbvnWubQUrtU8EI=
github.com/go-sql-driver/mysql v1.7.1/go.mod h1:OXbVy3sEdcQ2Doequ6Z5BW6fXNQTmx+9S1MCJN5yJMI=
github.com/goburrow/modbus v0.1.0 h1:DejRZY73nEM6+bt5JSP6IsFolJ9dVcqxsYbpLbeW/ro=
github.com/goburrow/modbus v0.1.0/go.mod h1:Kx552D5rLIS8E7TyUwQ/UdHEqvX5T8tyiGBTlzMcZBg=
github.com/goburrow/serial v0.1.0 h1:v2T1SQa/dlUqQiYIT8+Cu7YolfqAi3K96UmhwYyuSrA=
github.com/goburrow/serial v0.1.0/go.mod h1:sAiqG0nRVswsm1C97xsttiYCzSLBmUZ/VSlVLZJ8haA=
github.com/gobwas/httphead v0.1.0 h1:exrUm0f4YX0L7EBwZHuCF4GDp8aJfVeBrlLQrs6NqWU=
github.com/gobwas/httphead v0.1.0/go.mod h1:O/RXo79gxV8G+RqlR/otEwx4Q36zl9rqC5u12GKvMCM=
github.com/gobwas/pool v0.2.1 h1:xfeeEhW7pwmX8nuLVlqbzVc7udMDrwetjEv+TZIz1og=
github.com/gobwas/pool v0.2.1/go.mod h1:q8bcK0KcYlCgd9e7WYLm9LpyS+YeLd8JVDW6WezmKEw=
github.com/gobwas/ws v1.4.0 h1:CTaoG1tojrh4ucGPcoJFiAQUAsEWekEWvLy7GsVNqGs=
github.com/gobwas/ws v1.4.0/go.mod h1:G3gNqMNtPppf5XUz7O4shetPpcZ1VJ7zt18dlUeakrc=
github.com/godbus/dbus/v5 v5.1.0 h1:4KLkAxT3aOY8Li4FRJe/KvhoNFFxo0m6fNuFUO8QJUk=
github.com/godbus/dbus/v5 v5.1.0/go.mod h1:xhWf0FNVPg57R7Z0UbKHbJfkEywrmjJnf7w5xrFpKfA=
github.com/godror/godror v0.48.0 h1:woMfeeNWaUKyPJ1fVx5kFS9IPV0a7EKQkWDZvYVgVaQ=
github.com/godror/godror v0.48.0/go.mod h1:7JBa3m6g1s+5cTlZqEvydklDE30Xon3EALNrQm2iwk0=
github.com/godror/knownpb v0.3.0 h1:+caUdy8hTtl7X05aPl3tdL540TvCcaQA6woZQroLZMw=
github.com/godror/knownpb v0.3.0/go.mod h1:PpTyfJwiOEAzQl7NtVCM8kdPCnp3uhxsZYIzZ5PV4zU=
github.com/google/go-cmp v0.7.0 h1:wk8382ETsv4JYUZwIsn6YpYiWiBsYLSJiTsyBybVuN8=
github.com/google/go-cmp v0.7.0/go.mod h1:pXiqmnSA92OHEEa9HXL2W4E7lf9JzCmGVUdgjX3N/iU=
github.com/gorilla/websocket v1.4.2 h1:+/TMaTYc4QFitKJxsQ7Yye35DkWvkdLcvGKqM+x0Ufc=
github.com/gorilla/websocket v1.4.2/go.mod h1:YR8l580nyteQvAITg2hZ9XVh4b55+EU/adAjf1fMHhE=
github.com/josharian/intern v1.0.0 h1:vlS4z54oSdjm0bgjRigI+G1HpF+tI+9rE5LLzOg8HmY=
github.com/josharian/intern v1.0.0/go.mod h1:5DoeVV0s6jJacbCEi61lwdGj/aVlrQvzHFFd8Hwg//Y=
github.com/kisielk/sqlstruct v0.0.0-20201105191214-5f3e10d3ab46/go.mod h1:yyMNCyc/Ib3bDTKd379tNMpB/7/H5TjM2Y9QJ5THLbE=
github.com/ledongthuc/pdf v0.0.0-20220302134840-0c2507a12d80 h1:6Yzfa6GP0rIo/kULo2bwGEkFvCePZ3qHDDTC3/J9Swo=
github.com/ledongthuc/pdf v0.0.0-20220302134840-0c2507a12d80/go.mod h1:imJHygn/1yfhB7XSJJKlFZKl/J+dCPAknuiaGOshXAs=
github.com/mailru/easyjson v0.7.7 h1:UGYAvKxe3sBsEDzO8ZeWOSlIQfWFlxbzLZe7hwFURr0=
github.com/mailru/easyjson v0.7.7/go.mod h1:xzfreul335JAWq5oZzymOObrkdz5UnU4kGfJJLY9Nlc=
github.com/mattn/go-sqlite3 v1.14.19 h1:fhGleo2h1p8tVChob4I9HpmVFIAkKGpiukdrgQbWfGI=
github.com/mattn/go-sqlite3 v1.14.19/go.mod h1:2eHXhiwb8IkHr+BDWZGa96P6+rkvnG63S2DGjv9HUNg=
github.com/mediocregopher/radix/v3 v3.8.1 h1:rOkHflVuulFKlwsLY01/M2cM2tWCjDoETcMqKbAWu1M=
github.com/mediocregopher/radix/v3 v3.8.1/go.mod h1:8FL3F6UQRXHXIBSPUs5h0RybMF8i4n7wVopoX3x7Bv8=
github.com/memcachier/mc/v3 v3.0.3 h1:qii+lDiPKi36O4Xg+HVKwHu6Oq+Gt17b+uEiA0Drwv4=
github.com/memcachier/mc/v3 v3.0.3/go.mod h1:GzjocBahcXPxt2cmqzknrgqCOmMxiSzhVKPOe90Tpug=
github.com/miekg/dns v1.1.55 h1:GoQ4hpsj0nFLYe+bWiCToyrBEJXkQfOOIvFGFy0lEgo=
github.com/miekg/dns v1.1.55/go.mod h1:uInx36IzPl7FYnDcMeVWxj9byh7DutNykX4G9Sj60FY=
github.com/oklog/ulid/v2 v2.0.2 h1:r4fFzBm+bv0wNKNh5eXTwU7i85y5x+uwkxCUTNVQqLc=
github.com/oklog/ulid/v2 v2.0.2/go.mod h1:mtBL0Qe/0HAx6/a4Z30qxVIAL1eQDweXq5lxOEiwQ68=
github.com/omeid/go-yarn v0.0.1 h1:mUQExNwUrYn7tZRwQdsUuoQWHIujtjjpjb/PAtUj9dk=
github.com/omeid/go-yarn v0.0.1/go.mod h1:JYxmAvShSw7YmX/9vFsccpJE4o/KW111eUh3n/TQ5h8=
github.com/orisano/pixelmatch v0.0.0-20220722002657-fb0b55479cde h1:x0TT0RDC7UhAVbbWWBzr41ElhJx5tXPWkIHA2HWPRuw=
github.com/orisano/pixelmatch v0.0.0-20220722002657-fb0b55479cde/go.mod h1:nZgzbfBr3hhjoZnS66nKrHmduYNpc34ny7RK4z5/HM0=
github.com/pmezard/go-difflib v1.0.0 h1:4DBwDE0NGyQoBHbLQYPwSUPoCMWR5BEzIk/f1lZbAQM=
github.com/pmezard/go-difflib v1.0.0/go.mod h1:iKH77koFhYxTK1pcRnkKkqfTogsbg7gZNVY4sRDYZ/4=
github.com/sokurenko/go-netstat v1.0.0 h1:av3W8+xRE99RBLdOf3pUgvbIAZQoDd3VpP6nKj5wM78=
github.com/sokurenko/go-netstat v1.0.0/go.mod h1:Pfqo84HSDubPYm1MI2TTDDlmf+TwN6W2cbyngD63x18=
github.com/stretchr/objx v0.5.2 h1:xuMeJ0Sdp5ZMRXx/aWO6RZxdr3beISkG5/G/aIRr3pY=
github.com/stretchr/objx v0.5.2/go.mod h1:FRsXN1f5AsAjCGJKqEizvkpNtU+EGNCLh3NxZ/8L+MA=
github.com/stretchr/testify v1.2.2/go.mod h1:a8OnRcib4nhh0OaRAV+Yts87kKdq0PP7pXfy6kDkUVs=
github.com/stretchr/testify v1.8.4 h1:CcVxjf3Q8PM0mHUKJCdn+eZZtm5yQwehR5yeSVQQcUk=
github.com/stretchr/testify v1.8.4/go.mod h1:sz/lmYIOXD/1dqDmKjjqLyZ2RngseejIcXlSw2iwfAo=
golang.org/x/crypto v0.0.0-20190308221718-c2843e01d9a2/go.mod h1:djNgcEr1/C05ACkg1iLfiJU5Ep61QUkGW8qpdssI0+w=
golang.org/x/exp v0.0.0-20250506013437-ce4c2cf36ca6 h1:y5zboxd6LQAqYIhHnB48p0ByQ/GnQx2BE33L8BOHQkI=
golang.org/x/exp v0.0.0-20250506013437-ce4c2cf36ca6/go.mod h1:U6Lno4MTRCDY+Ba7aCcauB9T60gsv5s4ralQzP72ZoQ=
golang.org/x/mod v0.24.0 h1:ZfthKaKaT4NrhGVZHO1/WDTwGES4De8KtWO0SIbNJMU=
golang.org/x/mod v0.24.0/go.mod h1:IXM97Txy2VM4PJ3gI61r1YEk/gAj6zAHN3AdZt6S9Ww=
golang.org/x/net v0.0.0-20200425230154-ff2c4b7c35a0/go.mod h1:qpuaurCH72eLCgpAm/N6yyVIVM9cpaDIP3A8BGJEC5A=
golang.org/x/net v0.40.0 h1:79Xs7wF06Gbdcg4kdCCIQArK11Z1hr5POQ6+fIYHNuY=
golang.org/x/net v0.40.0/go.mod h1:y0hY0exeL2Pku80/zKK7tpntoX23cqL3Oa6njdgRtds=
golang.org/x/sync v0.0.0-20210220032951-036812b2e83c/go.mod h1:RxMgew5VJxzue5/jJTE5uejpjVlOe/izrB70Jof72aM=
golang.org/x/sync v0.14.0 h1:woo0S4Yywslg6hp4eUFjTVOyKt0RookbpAHG4c1HmhQ=
golang.org/x/sync v0.14.0/go.mod h1:1dzgHSNfp02xaA81J2MS99Qcpr2w7fw1gpm99rleRqA=
golang.org/x/sys v0.0.0-20190215142949-d0b11bdaac8a/go.mod h1:STP8DvDyc/dI5b8T5hshtkjS+E42TnysNCUPdjciGhY=
golang.org/x/sys v0.0.0-20200323222414-85ca7c5b95cd/go.mod h1:h1NjWce9XRLGQEsW7wpKNCjG9DtNlClVuFLEZdDNbEs=
golang.org/x/sys v0.0.0-20220412211240-33da011f77ad/go.mod h1:oPkhp1MJrh7nUepCBck5+mAzfO9JrbApNNgaTdGDITg=
golang.org/x/sys v0.1.0/go.mod h1:oPkhp1MJrh7nUepCBck5+mAzfO9JrbApNNgaTdGDITg=
golang.org/x/sys v0.6.0/go.mod h1:oPkhp1MJrh7nUepCBck5+mAzfO9JrbApNNgaTdGDITg=
golang.org/x/sys v0.26.0/go.mod h1:/VUhepiaJMQUp4+oa/7Zr1D23ma6VTLIYjOOTFZPUcA=
golang.org/x/sys v0.33.0 h1:q3i8TbbEz+JRD9ywIRlyRAQbM0qF7hu24q3teo2hbuw=
golang.org/x/sys v0.33.0/go.mod h1:BJP2sWEmIv4KK5OTEluFJCKSidICx8ciO85XgH3Ak8k=
golang.org/x/term v0.32.0 h1:DR4lr0TjUs3epypdhTOkMmuF5CDFJ/8pOnbzMZPQ7bg=
golang.org/x/term v0.32.0/go.mod h1:uZG1FhGx848Sqfsq4/DlJr3xGGsYMu/L5GW4abiaEPQ=
golang.org/x/text v0.3.0/go.mod h1:NqM8EUOU14njkJ3fqMW+pc6Ldnwhi/IjpwHt7yyuwOQ=
golang.org/x/text v0.25.0 h1:qVyWApTSYLk/drJRO5mDlNYskwQznZmkpV2c8q9zls4=
golang.org/x/text v0.25.0/go.mod h1:WEdwpYrmk1qmdHvhkSTNPm3app7v4rsT8F2UD6+VHIA=
golang.org/x/tools v0.33.0 h1:4qz2S3zmRxbGIhDIAgjxvFutSvH5EfnsYrRBj0UI0bc=
golang.org/x/tools v0.33.0/go.mod h1:CIJMaWEY88juyUfo7UbgPqbC8rU2OqfAV1h2Qp0oMYI=
golang.org/x/xerrors v0.0.0-20191011141410-1b5146add898/go.mod h1:I/5z698sn9Ka8TeJc9MKroUUfqBBauWjQqLJ2OPfmY0=
golang.org/x/xerrors v0.0.0-20220907171357-04be3eba64a2 h1:H2TDz8ibqkAF6YGhCdN3jS9O0/s90v0rJh3X/OLHEUk=
golang.org/x/xerrors v0.0.0-20220907171357-04be3eba64a2/go.mod h1:K8+ghG5WaK9qNqU5K3HdILfMLy1f3aNYFI/wnl100a8=
golang.zabbix.com/sdk v1.2.2-0.20251024105546-b866a4b4e525 h1:OE5tPs9TAN/iJ7VVY0+7A0AI7G9KKzCiEwE2H93NrFw=
golang.zabbix.com/sdk v1.2.2-0.20251024105546-b866a4b4e525/go.mod h1:yFQqd5fQTj4jiulSKfDx/vZkuTjiiSm2G0YVXI0Nxdw=
google.golang.org/protobuf v1.36.6 h1:z1NpPI8ku2WgiWnf+t9wTPsn6eP1L7ksHUlkfLvd9xY=
google.golang.org/protobuf v1.36.6/go.mod h1:jduwjTPXsFjZGTmRluh+L6NjiWu7pchiJ2/5YcXBHnY=
gopkg.in/asn1-ber.v1 v1.0.0-20181015200546-f715ec2f112d h1:TxyelI5cVkbREznMhfzycHdkp5cLA7DpE+GKjSslYhM=
gopkg.in/asn1-ber.v1 v1.0.0-20181015200546-f715ec2f112d/go.mod h1:cuepJuh7vyXfUyUwEgHQXw849cJrilpS5NeIjOWESAw=
gopkg.in/check.v1 v0.0.0-20161208181325-20d25e280405 h1:yhCVgyC4o1eVCa2tZl7eS0r+SDo693bJlVdllGtEeKM=
gopkg.in/check.v1 v0.0.0-20161208181325-20d25e280405/go.mod h1:Co6ibVJAznAaIkqp8huTwlJQCZ016jof/cbN4VW5Yz0=
gopkg.in/yaml.v3 v3.0.1 h1:fxVm/GzAzEWqLHuvctI91KS9hhNmmWOoWu0XTYJS7CA=
gopkg.in/yaml.v3 v3.0.1/go.mod h1:K4uyk7z7BCEPqu6E+C64Yfv1cQ7kz7rIZviUmN+EgEM=
