git.zabbix.com/ap/plugin-support v1.1.1-0.20221021133846-49ba2b4b6cb5 h1:2r/hEHm1xE7tcnP1jPKY0aEimj/Y64RZijaWigJSSFw=
git.zabbix.com/ap/plugin-support v1.1.1-0.20221021133846-49ba2b4b6cb5/go.mod h1:R3QzQWgpxlA+ddJNkOhsPTcGOVtrR69WS0hXIsnBurY=
github.com/BurntSushi/locker v0.0.0-20171006230638-a6e239ea1c69 h1:+tu3HOoMXB7RXEINRVIpxJCT+KdYiI7LAEAUrOw3dIU=
github.com/BurntSushi/locker v0.0.0-20171006230638-a6e239ea1c69/go.mod h1:L1AbZdiDllfyYH5l5OkAaZtk7VkWe89bPJFmnDBNHxg=
github.com/cakturk/go-netstat v0.0.0-20200220111822-e5b49efee7a5 h1:BjkPE3785EwPhhyuFkbINB+2a1xATwk8SNDWnJiD41g=
github.com/cakturk/go-netstat v0.0.0-20200220111822-e5b49efee7a5/go.mod h1:jtAfVaU/2cu1+wdSRPWE2c1N2qeAA3K4RH9pYgqwets=
github.com/chromedp/cdproto v0.0.0-20210104223854-2cc87dae3ee3 h1:XeGYLuu3Yu3/2/FLDXyObe6lBYtUFDTJgjjNPcfcU40=
github.com/chromedp/cdproto v0.0.0-20210104223854-2cc87dae3ee3/go.mod h1:55pim6Ht4LJKdVLlyFJV/g++HsEA1hQxPbB5JyNdZC0=
github.com/chromedp/chromedp v0.6.0 h1:jjzHzXW5pNdKt1D9cEDAKZM/yZ2EwL/hLyGbCUFldBI=
github.com/chromedp/chromedp v0.6.0/go.mod h1:Yay7TUDCNOQBK8EJDUon6AUaQI12VEBOuULcGtY4uDY=
github.com/chromedp/sysutil v1.0.0 h1:+ZxhTpfpZlmchB58ih/LBHX52ky7w2VhQVKQMucy3Ic=
github.com/chromedp/sysutil v1.0.0/go.mod h1:kgWmDdq8fTzXYcKIBqIYvRRTnYb9aNS9moAV0xufSww=
github.com/davecgh/go-spew v1.1.1 h1:vj9j/u1bqnvCEfJOwUhtlOARqs3+rkHYY13jYWTU97c=
github.com/davecgh/go-spew v1.1.1/go.mod h1:J7Y8YcW2NihsgmVo/mv3lAwl/skON4iLHjSsI+c5H38=
github.com/dustin/gomemcached v0.0.0-20160817010731-a2284a01c143 h1:K9CFK8HRZWzmoIWbpA7u0XYLggCyfa/N77eVaq/nUiA=
github.com/dustin/gomemcached v0.0.0-20160817010731-a2284a01c143/go.mod h1:BLhrehfVmtABJWBZTJV8HyPWCSZoiMzjjcZ3+vHHhPI=
github.com/eclipse/paho.mqtt.golang v1.2.0 h1:1F8mhG9+aO5/xpdtFkW4SxOJB67ukuDC3t2y2qayIX0=
github.com/eclipse/paho.mqtt.golang v1.2.0/go.mod h1:H9keYFcgq3Qr5OUJm/JZI/i6U7joQ8SYLhZwfeOo6Ts=
github.com/fsnotify/fsnotify v1.4.9 h1:hsms1Qyu0jgnwNXIxa+/V/PDsU6CfLf6CNO8H7IWoS4=
github.com/fsnotify/fsnotify v1.4.9/go.mod h1:znqG4EE+3YCdAaPaxE2ZRY/06pZUdp0tY4IgpuI1SZQ=
github.com/go-ldap/ldap v3.0.3+incompatible h1:HTeSZO8hWMS1Rgb2Ziku6b8a7qRIZZMHjsvuZyatzwk=
github.com/go-ldap/ldap v3.0.3+incompatible/go.mod h1:qfd9rJvER9Q0/D/Sqn1DfHRoBp40uXYvFoEVrNEPqRc=
github.com/go-logfmt/logfmt v0.5.0 h1:TrB8swr/68K7m9CcGut2g3UOihhbcbiMAYiuTXdEih4=
github.com/go-logfmt/logfmt v0.5.0/go.mod h1:wCYkCAKZfumFQihp8CzCvQ3paCTfi41vtzG1KdI/P7A=
github.com/go-ole/go-ole v1.2.4 h1:nNBDSCOigTSiarFpYE9J/KtEA1IOW4CNeqT9TQDqCxI=
github.com/go-ole/go-ole v1.2.4/go.mod h1:XCwSNxSkXRo4vlyPy93sltvi/qJq0jqQhjqQNIwKuxM=
github.com/go-sql-driver/mysql v1.5.0 h1:ozyZYNQW3x3HtqT1jira07DN2PArx2v7/mN66gGcHOs=
github.com/go-sql-driver/mysql v1.5.0/go.mod h1:DCzpHaOWr8IXmIStZouvnhqoel9Qv2LBy8hT2VhHyBg=
github.com/goburrow/modbus v0.1.0 h1:DejRZY73nEM6+bt5JSP6IsFolJ9dVcqxsYbpLbeW/ro=
github.com/goburrow/modbus v0.1.0/go.mod h1:Kx552D5rLIS8E7TyUwQ/UdHEqvX5T8tyiGBTlzMcZBg=
github.com/goburrow/serial v0.1.0 h1:v2T1SQa/dlUqQiYIT8+Cu7YolfqAi3K96UmhwYyuSrA=
github.com/goburrow/serial v0.1.0/go.mod h1:sAiqG0nRVswsm1C97xsttiYCzSLBmUZ/VSlVLZJ8haA=
github.com/gobwas/httphead v0.1.0 h1:exrUm0f4YX0L7EBwZHuCF4GDp8aJfVeBrlLQrs6NqWU=
github.com/gobwas/httphead v0.1.0/go.mod h1:O/RXo79gxV8G+RqlR/otEwx4Q36zl9rqC5u12GKvMCM=
github.com/gobwas/pool v0.2.1 h1:xfeeEhW7pwmX8nuLVlqbzVc7udMDrwetjEv+TZIz1og=
github.com/gobwas/pool v0.2.1/go.mod h1:q8bcK0KcYlCgd9e7WYLm9LpyS+YeLd8JVDW6WezmKEw=
github.com/gobwas/ws v1.0.4 h1:5eXU1CZhpQdq5kXbKb+sECH5Ia5KiO6CYzIzdlVx6Bs=
github.com/gobwas/ws v1.0.4/go.mod h1:szmBTxLgaFppYjEmNtny/v3w89xOydFnnZMcgRRu/EM=
github.com/godbus/dbus v4.1.0+incompatible h1:WqqLRTsQic3apZUK9qC5sGNfXthmPXzUZ7nQPrNITa4=
github.com/godbus/dbus v4.1.0+incompatible/go.mod h1:/YcGZj5zSblfDWMMoOzV4fas9FZnQYTkDnsGvmh2Grw=
github.com/godror/godror v0.20.1 h1:s/ehD65nfVzWR2MrZGChDkLvVPlIVxbt+Jpzfwkl1c8=
github.com/godror/godror v0.20.1/go.mod h1:YlPoIf962ZZKPM5Xqa8NxmGgck39pi51tqAs+K3IaFM=
github.com/google/go-cmp v0.4.0 h1:xsAVV57WRhGj6kEIi8ReJzQlHHqcBYCElAvkovg3B/4=
github.com/google/go-cmp v0.4.0/go.mod h1:v8dTdLbMG2kIc/vJvl+f65V22dbkXbowE6jgT/gNBxE=
github.com/josharian/intern v1.0.0 h1:vlS4z54oSdjm0bgjRigI+G1HpF+tI+9rE5LLzOg8HmY=
github.com/josharian/intern v1.0.0/go.mod h1:5DoeVV0s6jJacbCEi61lwdGj/aVlrQvzHFFd8Hwg//Y=
github.com/mailru/easyjson v0.7.6 h1:8yTIVnZgCoiM1TgqoeTl+LfU5Jg6/xL3QhGQnimLYnA=
github.com/mailru/easyjson v0.7.6/go.mod h1:xzfreul335JAWq5oZzymOObrkdz5UnU4kGfJJLY9Nlc=
github.com/mattn/go-sqlite3 v1.14.8 h1:gDp86IdQsN/xWjIEmr9MF6o9mpksUgh0fu+9ByFxzIU=
github.com/mattn/go-sqlite3 v1.14.8/go.mod h1:NyWgC/yNuGj7Q9rpYnZvas74GogHl5/Z4A/KQRfk6bU=
github.com/mediocregopher/radix/v3 v3.5.0 h1:8QHQmNh2ne9aFxTD3z63u/bkPPiOtknHoz80oP8EA/E=
github.com/mediocregopher/radix/v3 v3.5.0/go.mod h1:8FL3F6UQRXHXIBSPUs5h0RybMF8i4n7wVopoX3x7Bv8=
github.com/memcachier/mc/v3 v3.0.1 h1:Os/fUl/8c+hc1qWgjv5hNK0JI6GxKUOuehzB/UmjLP0=
github.com/memcachier/mc/v3 v3.0.1/go.mod h1:GzjocBahcXPxt2cmqzknrgqCOmMxiSzhVKPOe90Tpug=
github.com/miekg/dns v1.1.43 h1:JKfpVSCB84vrAmHzyrsxB5NAr5kLoMXZArPSw7Qlgyg=
github.com/miekg/dns v1.1.43/go.mod h1:+evo5L0630/F6ca/Z9+GAqzhjGyn8/c+TBaOyfEl0V4=
github.com/natefinch/npipe v0.0.0-20160621034901-c1b8fa8bdcce h1:TqjP/BTDrwN7zP9xyXVuLsMBXYMt6LLYi55PlrIcq8U=
github.com/natefinch/npipe v0.0.0-20160621034901-c1b8fa8bdcce/go.mod h1:ifHPsLndGGzvgzcaXUvzmt6LxKT4pJ+uzEhtnMt+f7A=
github.com/omeid/go-yarn v0.0.1 h1:mUQExNwUrYn7tZRwQdsUuoQWHIujtjjpjb/PAtUj9dk=
github.com/omeid/go-yarn v0.0.1/go.mod h1:JYxmAvShSw7YmX/9vFsccpJE4o/KW111eUh3n/TQ5h8=
github.com/pmezard/go-difflib v1.0.0 h1:4DBwDE0NGyQoBHbLQYPwSUPoCMWR5BEzIk/f1lZbAQM=
github.com/pmezard/go-difflib v1.0.0/go.mod h1:iKH77koFhYxTK1pcRnkKkqfTogsbg7gZNVY4sRDYZ/4=
github.com/stretchr/testify v1.2.2 h1:bSDNvY7ZPG5RlJ8otE/7V6gMiyenm9RtJ7IUVIAoJ1w=
github.com/stretchr/testify v1.2.2/go.mod h1:a8OnRcib4nhh0OaRAV+Yts87kKdq0PP7pXfy6kDkUVs=
golang.org/x/net v0.0.0-20210226172049-e18ecbb05110 h1:qWPm9rbaAMKs8Bq/9LRpbMqxWRVUAQwMI9fVrssnTfw=
golang.org/x/net v0.0.0-20210226172049-e18ecbb05110/go.mod h1:m0MpNAwzfU5UDzcl9v0D8zg8gWTRqZa9RBIspLL5mdg=
golang.org/x/sync v0.0.0-20190911185100-cd5d95a43a6e/go.mod h1:RxMgew5VJxzue5/jJTE5uejpjVlOe/izrB70Jof72aM=
golang.org/x/sync v0.0.0-20210220032951-036812b2e83c h1:5KslGYwFpkhGh+Q16bwMP3cOontH8FOep7tGV86Y7SQ=
golang.org/x/sync v0.0.0-20210220032951-036812b2e83c/go.mod h1:RxMgew5VJxzue5/jJTE5uejpjVlOe/izrB70Jof72aM=
golang.org/x/sys v0.0.0-20191005200804-aed5e4c7ecf9/go.mod h1:h1NjWce9XRLGQEsW7wpKNCjG9DtNlClVuFLEZdDNbEs=
golang.org/x/sys v0.0.0-20201119102817-f84b799fce68/go.mod h1:h1NjWce9XRLGQEsW7wpKNCjG9DtNlClVuFLEZdDNbEs=
golang.org/x/sys v0.0.0-20210104204734-6f8348627aad/go.mod h1:h1NjWce9XRLGQEsW7wpKNCjG9DtNlClVuFLEZdDNbEs=
golang.org/x/sys v0.0.0-20210303074136-134d130e1a04/go.mod h1:h1NjWce9XRLGQEsW7wpKNCjG9DtNlClVuFLEZdDNbEs=
golang.org/x/sys v0.0.0-20220310020820-b874c991c1a5 h1:y/woIyUBFbpQGKS0u1aHF/40WUDnek3fPOyD08H5Vng=
golang.org/x/sys v0.0.0-20220310020820-b874c991c1a5/go.mod h1:oPkhp1MJrh7nUepCBck5+mAzfO9JrbApNNgaTdGDITg=
golang.org/x/term v0.0.0-20201126162022-7de9c90e9dd1/go.mod h1:bj7SfCRtBDWHUb9snDiAeCFNEtKQo2Wmx5Cou7ajbmo=
golang.org/x/text v0.3.3/go.mod h1:5Zoc/QRtKVWzQhOtBMvqHzDpF6irO9z98xDceosuGiQ=
golang.org/x/tools v0.0.0-20180917221912-90fa682c2a6e/go.mod h1:n7NCudcB/nEzxVGmLbDWY5pfWTLqBcC2KZ6jyYvM4mQ=
golang.org/x/xerrors v0.0.0-20191011141410-1b5146add898/go.mod h1:I/5z698sn9Ka8TeJc9MKroUUfqBBauWjQqLJ2OPfmY0=
golang.org/x/xerrors v0.0.0-20191204190536-9bdfabe68543/go.mod h1:I/5z698sn9Ka8TeJc9MKroUUfqBBauWjQqLJ2OPfmY0=
golang.org/x/xerrors v0.0.0-20200804184101-5ec99f83aff1 h1:go1bK/D/BFZV2I8cIQd1NKEZ+0owSTG1fDTci4IqFcE=
golang.org/x/xerrors v0.0.0-20200804184101-5ec99f83aff1/go.mod h1:I/5z698sn9Ka8TeJc9MKroUUfqBBauWjQqLJ2OPfmY0=
gopkg.in/asn1-ber.v1 v1.0.0-20181015200546-f715ec2f112d h1:TxyelI5cVkbREznMhfzycHdkp5cLA7DpE+GKjSslYhM=
gopkg.in/asn1-ber.v1 v1.0.0-20181015200546-f715ec2f112d/go.mod h1:cuepJuh7vyXfUyUwEgHQXw849cJrilpS5NeIjOWESAw=
gopkg.in/natefinch/npipe.v2 v2.0.0-20160621034901-c1b8fa8bdcce h1:+JknDZhAj8YMt7GC73Ei8pv4MzjDUNPHgQWJdtMAaDU=
gopkg.in/natefinch/npipe.v2 v2.0.0-20160621034901-c1b8fa8bdcce/go.mod h1:5AcXVHNjg+BDxry382+8OKon8SEWiKktQR07RKPsv1c=
